// !$*UTF8*$!
{
	archiveVersion = 1;
	classes = {
	};
	objectVersion = 55;
	objects = {

/* Begin PBXBuildFile section */
		4C26F78127C3BADD0016EA83 /* DetalheViewController.swift in Sources */ = {isa = PBXBuildFile; fileRef = 4C26F77F27C3BADD0016EA83 /* DetalheViewController.swift */; };
		4C26F78227C3BADD0016EA83 /* DetalheViewController.xib in Resources */ = {isa = PBXBuildFile; fileRef = 4C26F78027C3BADD0016EA83 /* DetalheViewController.xib */; };
		4C663CC027BEB7C100977617 /* ViagemTableViewCell.swift in Sources */ = {isa = PBXBuildFile; fileRef = 4C663CBE27BEB7C100977617 /* ViagemTableViewCell.swift */; };
		4C663CC127BEB7C100977617 /* ViagemTableViewCell.xib in Resources */ = {isa = PBXBuildFile; fileRef = 4C663CBF27BEB7C100977617 /* ViagemTableViewCell.xib */; };
		4C663CC427BEC81400977617 /* server-response.json in Resources */ = {isa = PBXBuildFile; fileRef = 4C663CC327BEC81400977617 /* server-response.json */; };
		4C99532527C00BA100C837F7 /* OfertaTableViewCell.swift in Sources */ = {isa = PBXBuildFile; fileRef = 4C99532327C00BA100C837F7 /* OfertaTableViewCell.swift */; };
		4C99532627C00BA100C837F7 /* OfertaTableViewCell.xib in Resources */ = {isa = PBXBuildFile; fileRef = 4C99532427C00BA100C837F7 /* OfertaTableViewCell.xib */; };
		4C99532827C00CC000C837F7 /* ViagemOfertaViewModel.swift in Sources */ = {isa = PBXBuildFile; fileRef = 4C99532727C00CC000C837F7 /* ViagemOfertaViewModel.swift */; };
		4CC2960A27BD76E800B59CAB /* AppDelegate.swift in Sources */ = {isa = PBXBuildFile; fileRef = 4CC2960927BD76E800B59CAB /* AppDelegate.swift */; };
		4CC2960C27BD76E800B59CAB /* SceneDelegate.swift in Sources */ = {isa = PBXBuildFile; fileRef = 4CC2960B27BD76E800B59CAB /* SceneDelegate.swift */; };
		4CC2960E27BD76E800B59CAB /* ViewController.swift in Sources */ = {isa = PBXBuildFile; fileRef = 4CC2960D27BD76E800B59CAB /* ViewController.swift */; };
		4CC2961127BD76E800B59CAB /* Main.storyboard in Resources */ = {isa = PBXBuildFile; fileRef = 4CC2960F27BD76E800B59CAB /* Main.storyboard */; };
		4CC2961327BD76E900B59CAB /* Assets.xcassets in Resources */ = {isa = PBXBuildFile; fileRef = 4CC2961227BD76E900B59CAB /* Assets.xcassets */; };
		4CC2961627BD76E900B59CAB /* LaunchScreen.storyboard in Resources */ = {isa = PBXBuildFile; fileRef = 4CC2961427BD76E900B59CAB /* LaunchScreen.storyboard */; };
		4CC2961E27BD7C4D00B59CAB /* HomeTableViewHeader.xib in Resources */ = {isa = PBXBuildFile; fileRef = 4CC2961D27BD7C4D00B59CAB /* HomeTableViewHeader.xib */; };
		4CC2962027BD8B9A00B59CAB /* HomeTableViewHeader.swift in Sources */ = {isa = PBXBuildFile; fileRef = 4CC2961F27BD8B9A00B59CAB /* HomeTableViewHeader.swift */; };
		4CF64C4927BED39A000152AE /* DecodableData.swift in Sources */ = {isa = PBXBuildFile; fileRef = 4CF64C4827BED39A000152AE /* DecodableData.swift */; };
		4CF64C4B27BED3A0000152AE /* TiposDeViagens.swift in Sources */ = {isa = PBXBuildFile; fileRef = 4CF64C4A27BED3A0000152AE /* TiposDeViagens.swift */; };
		4CF64C4D27BED3E2000152AE /* Viagem.swift in Sources */ = {isa = PBXBuildFile; fileRef = 4CF64C4C27BED3E2000152AE /* Viagem.swift */; };
		4CF64C5027BED40A000152AE /* UIView+Extension.swift in Sources */ = {isa = PBXBuildFile; fileRef = 4CF64C4F27BED40A000152AE /* UIView+Extension.swift */; };
		4CF64C5227BED478000152AE /* ViagemViewModel.swift in Sources */ = {isa = PBXBuildFile; fileRef = 4CF64C5127BED478000152AE /* ViagemViewModel.swift */; };
		4CF64C5427BED5AA000152AE /* ViagemDestaqueViewModel.swift in Sources */ = {isa = PBXBuildFile; fileRef = 4CF64C5327BED5AA000152AE /* ViagemDestaqueViewModel.swift */; };
/* End PBXBuildFile section */

/* Begin PBXFileReference section */
		4C26F77F27C3BADD0016EA83 /* DetalheViewController.swift */ = {isa = PBXFileReference; lastKnownFileType = sourcecode.swift; path = DetalheViewController.swift; sourceTree = "<group>"; };
		4C26F78027C3BADD0016EA83 /* DetalheViewController.xib */ = {isa = PBXFileReference; lastKnownFileType = file.xib; path = DetalheViewController.xib; sourceTree = "<group>"; };
		4C663CBE27BEB7C100977617 /* ViagemTableViewCell.swift */ = {isa = PBXFileReference; lastKnownFileType = sourcecode.swift; path = ViagemTableViewCell.swift; sourceTree = "<group>"; };
		4C663CBF27BEB7C100977617 /* ViagemTableViewCell.xib */ = {isa = PBXFileReference; lastKnownFileType = file.xib; path = ViagemTableViewCell.xib; sourceTree = "<group>"; };
		4C663CC327BEC81400977617 /* server-response.json */ = {isa = PBXFileReference; fileEncoding = 4; lastKnownFileType = text.json; name = "server-response.json"; path = "Arquivos Swift/arquivos/server-response.json"; sourceTree = SOURCE_ROOT; };
		4C99532327C00BA100C837F7 /* OfertaTableViewCell.swift */ = {isa = PBXFileReference; lastKnownFileType = sourcecode.swift; path = OfertaTableViewCell.swift; sourceTree = "<group>"; };
		4C99532427C00BA100C837F7 /* OfertaTableViewCell.xib */ = {isa = PBXFileReference; lastKnownFileType = file.xib; path = OfertaTableViewCell.xib; sourceTree = "<group>"; };
		4C99532727C00CC000C837F7 /* ViagemOfertaViewModel.swift */ = {isa = PBXFileReference; lastKnownFileType = sourcecode.swift; path = ViagemOfertaViewModel.swift; sourceTree = "<group>"; };
		4CB562FB27C501FE00C42181 /* readme.md */ = {isa = PBXFileReference; lastKnownFileType = net.daringfireball.markdown; path = readme.md; sourceTree = "<group>"; };
		4CC2960627BD76E800B59CAB /* AluraViagens.app */ = {isa = PBXFileReference; explicitFileType = wrapper.application; includeInIndex = 0; path = AluraViagens.app; sourceTree = BUILT_PRODUCTS_DIR; };
		4CC2960927BD76E800B59CAB /* AppDelegate.swift */ = {isa = PBXFileReference; lastKnownFileType = sourcecode.swift; path = AppDelegate.swift; sourceTree = "<group>"; };
		4CC2960B27BD76E800B59CAB /* SceneDelegate.swift */ = {isa = PBXFileReference; lastKnownFileType = sourcecode.swift; path = SceneDelegate.swift; sourceTree = "<group>"; };
		4CC2960D27BD76E800B59CAB /* ViewController.swift */ = {isa = PBXFileReference; lastKnownFileType = sourcecode.swift; path = ViewController.swift; sourceTree = "<group>"; };
		4CC2961027BD76E800B59CAB /* Base */ = {isa = PBXFileReference; lastKnownFileType = file.storyboard; name = Base; path = Base.lproj/Main.storyboard; sourceTree = "<group>"; };
		4CC2961227BD76E900B59CAB /* Assets.xcassets */ = {isa = PBXFileReference; lastKnownFileType = folder.assetcatalog; path = Assets.xcassets; sourceTree = "<group>"; };
		4CC2961527BD76E900B59CAB /* Base */ = {isa = PBXFileReference; lastKnownFileType = file.storyboard; name = Base; path = Base.lproj/LaunchScreen.storyboard; sourceTree = "<group>"; };
		4CC2961727BD76E900B59CAB /* Info.plist */ = {isa = PBXFileReference; lastKnownFileType = text.plist.xml; path = Info.plist; sourceTree = "<group>"; };
		4CC2961D27BD7C4D00B59CAB /* HomeTableViewHeader.xib */ = {isa = PBXFileReference; lastKnownFileType = file.xib; path = HomeTableViewHeader.xib; sourceTree = "<group>"; };
		4CC2961F27BD8B9A00B59CAB /* HomeTableViewHeader.swift */ = {isa = PBXFileReference; lastKnownFileType = sourcecode.swift; path = HomeTableViewHeader.swift; sourceTree = "<group>"; };
		4CF64C4827BED39A000152AE /* DecodableData.swift */ = {isa = PBXFileReference; fileEncoding = 4; lastKnownFileType = sourcecode.swift; name = DecodableData.swift; path = AluraViagens/Models/DecodableData.swift; sourceTree = SOURCE_ROOT; };
		4CF64C4A27BED3A0000152AE /* TiposDeViagens.swift */ = {isa = PBXFileReference; fileEncoding = 4; lastKnownFileType = sourcecode.swift; name = TiposDeViagens.swift; path = AluraViagens/Models/TiposDeViagens.swift; sourceTree = SOURCE_ROOT; };
		4CF64C4C27BED3E2000152AE /* Viagem.swift */ = {isa = PBXFileReference; fileEncoding = 4; lastKnownFileType = sourcecode.swift; name = Viagem.swift; path = "Arquivos Swift/arquivos/Viagem.swift"; sourceTree = SOURCE_ROOT; };
		4CF64C4F27BED40A000152AE /* UIView+Extension.swift */ = {isa = PBXFileReference; fileEncoding = 4; lastKnownFileType = sourcecode.swift; name = "UIView+Extension.swift"; path = "Arquivos Swift/arquivos/UIView+Extension.swift"; sourceTree = SOURCE_ROOT; };
		4CF64C5127BED478000152AE /* ViagemViewModel.swift */ = {isa = PBXFileReference; lastKnownFileType = sourcecode.swift; path = ViagemViewModel.swift; sourceTree = "<group>"; };
		4CF64C5327BED5AA000152AE /* ViagemDestaqueViewModel.swift */ = {isa = PBXFileReference; lastKnownFileType = sourcecode.swift; path = ViagemDestaqueViewModel.swift; sourceTree = "<group>"; };
/* End PBXFileReference section */

/* Begin PBXFrameworksBuildPhase section */
		4CC2960327BD76E800B59CAB /* Frameworks */ = {
			isa = PBXFrameworksBuildPhase;
			buildActionMask = 2147483647;
			files = (
			);
			runOnlyForDeploymentPostprocessing = 0;
		};
/* End PBXFrameworksBuildPhase section */

/* Begin PBXGroup section */
		4C1DA6E727BE86CD00C97B8C /* AppDelegate */ = {
			isa = PBXGroup;
			children = (
				4CC2960927BD76E800B59CAB /* AppDelegate.swift */,
				4CC2960B27BD76E800B59CAB /* SceneDelegate.swift */,
			);
			path = AppDelegate;
			sourceTree = "<group>";
		};
		4C1DA6E827BE871800C97B8C /* Header */ = {
			isa = PBXGroup;
			children = (
				4CC2961F27BD8B9A00B59CAB /* HomeTableViewHeader.swift */,
				4CC2961D27BD7C4D00B59CAB /* HomeTableViewHeader.xib */,
			);
			path = Header;
			sourceTree = "<group>";
		};
		4C26F77D27C3BAB10016EA83 /* DetalheViewController */ = {
			isa = PBXGroup;
			children = (
				4C26F77F27C3BADD0016EA83 /* DetalheViewController.swift */,
				4C26F78027C3BADD0016EA83 /* DetalheViewController.xib */,
			);
			path = DetalheViewController;
			sourceTree = "<group>";
		};
		4C663CBC27BEB76D00977617 /* Cells */ = {
			isa = PBXGroup;
			children = (
				4C99531F27C00B3300C837F7 /* Oferta */,
				4C99531E27C00B2900C837F7 /* Destaque */,
			);
			path = Cells;
			sourceTree = "<group>";
		};
		4C663CC227BEC76E00977617 /* Mock */ = {
			isa = PBXGroup;
			children = (
				4C663CC327BEC81400977617 /* server-response.json */,
			);
			path = Mock;
			sourceTree = "<group>";
		};
		4C99531E27C00B2900C837F7 /* Destaque */ = {
			isa = PBXGroup;
			children = (
				4C663CBE27BEB7C100977617 /* ViagemTableViewCell.swift */,
				4C663CBF27BEB7C100977617 /* ViagemTableViewCell.xib */,
			);
			path = Destaque;
			sourceTree = "<group>";
		};
		4C99531F27C00B3300C837F7 /* Oferta */ = {
			isa = PBXGroup;
			children = (
				4C99532327C00BA100C837F7 /* OfertaTableViewCell.swift */,
				4C99532427C00BA100C837F7 /* OfertaTableViewCell.xib */,
			);
			path = Oferta;
			sourceTree = "<group>";
		};
		4CC295FD27BD76E800B59CAB = {
			isa = PBXGroup;
			children = (
				4CC2960827BD76E800B59CAB /* AluraViagens */,
				4CC2960727BD76E800B59CAB /* Products */,
			);
			sourceTree = "<group>";
		};
		4CC2960727BD76E800B59CAB /* Products */ = {
			isa = PBXGroup;
			children = (
				4CC2960627BD76E800B59CAB /* AluraViagens.app */,
			);
			name = Products;
			sourceTree = "<group>";
		};
		4CC2960827BD76E800B59CAB /* AluraViagens */ = {
			isa = PBXGroup;
			children = (
				4C1DA6E727BE86CD00C97B8C /* AppDelegate */,
				4CC2962327BD8BC000B59CAB /* Models */,
				4CC2962427BD8BC900B59CAB /* View */,
				4CC2962227BD8BB800B59CAB /* ViewModel */,
				4CF64C4E27BED3EF000152AE /* Extensions */,
				4CC2961227BD76E900B59CAB /* Assets.xcassets */,
				4C663CC227BEC76E00977617 /* Mock */,
				4CC2961427BD76E900B59CAB /* LaunchScreen.storyboard */,
				4CC2961727BD76E900B59CAB /* Info.plist */,
				4CB562FB27C501FE00C42181 /* readme.md */,
			);
			path = AluraViagens;
			sourceTree = "<group>";
		};
		4CC2962227BD8BB800B59CAB /* ViewModel */ = {
			isa = PBXGroup;
			children = (
				4CF64C5127BED478000152AE /* ViagemViewModel.swift */,
				4CF64C5327BED5AA000152AE /* ViagemDestaqueViewModel.swift */,
				4C99532727C00CC000C837F7 /* ViagemOfertaViewModel.swift */,
			);
			path = ViewModel;
			sourceTree = "<group>";
		};
		4CC2962327BD8BC000B59CAB /* Models */ = {
			isa = PBXGroup;
			children = (
				4CF64C4C27BED3E2000152AE /* Viagem.swift */,
				4CF64C4827BED39A000152AE /* DecodableData.swift */,
				4CF64C4A27BED3A0000152AE /* TiposDeViagens.swift */,
			);
			path = Models;
			sourceTree = "<group>";
		};
		4CC2962427BD8BC900B59CAB /* View */ = {
			isa = PBXGroup;
			children = (
				4CC2960F27BD76E800B59CAB /* Main.storyboard */,
				4CC2960D27BD76E800B59CAB /* ViewController.swift */,
				4C26F77D27C3BAB10016EA83 /* DetalheViewController */,
				4C663CBC27BEB76D00977617 /* Cells */,
				4C1DA6E827BE871800C97B8C /* Header */,
			);
			path = View;
			sourceTree = "<group>";
		};
		4CF64C4E27BED3EF000152AE /* Extensions */ = {
			isa = PBXGroup;
			children = (
				4CF64C4F27BED40A000152AE /* UIView+Extension.swift */,
			);
			path = Extensions;
			sourceTree = "<group>";
		};
/* End PBXGroup section */

/* Begin PBXNativeTarget section */
		4CC2960527BD76E800B59CAB /* AluraViagens */ = {
			isa = PBXNativeTarget;
			buildConfigurationList = 4CC2961A27BD76E900B59CAB /* Build configuration list for PBXNativeTarget "AluraViagens" */;
			buildPhases = (
				4CC2960227BD76E800B59CAB /* Sources */,
				4CC2960327BD76E800B59CAB /* Frameworks */,
				4CC2960427BD76E800B59CAB /* Resources */,
			);
			buildRules = (
			);
			dependencies = (
			);
			name = AluraViagens;
			productName = AluraViagens;
			productReference = 4CC2960627BD76E800B59CAB /* AluraViagens.app */;
			productType = "com.apple.product-type.application";
		};
/* End PBXNativeTarget section */

/* Begin PBXProject section */
		4CC295FE27BD76E800B59CAB /* Project object */ = {
			isa = PBXProject;
			attributes = {
				BuildIndependentTargetsInParallel = 1;
				LastSwiftUpdateCheck = 1320;
				LastUpgradeCheck = 1320;
				TargetAttributes = {
					4CC2960527BD76E800B59CAB = {
						CreatedOnToolsVersion = 13.2.1;
					};
				};
			};
			buildConfigurationList = 4CC2960127BD76E800B59CAB /* Build configuration list for PBXProject "AluraViagens" */;
			compatibilityVersion = "Xcode 13.0";
			developmentRegion = en;
			hasScannedForEncodings = 0;
			knownRegions = (
				en,
				Base,
			);
			mainGroup = 4CC295FD27BD76E800B59CAB;
			productRefGroup = 4CC2960727BD76E800B59CAB /* Products */;
			projectDirPath = "";
			projectRoot = "";
			targets = (
				4CC2960527BD76E800B59CAB /* AluraViagens */,
			);
		};
/* End PBXProject section */

/* Begin PBXResourcesBuildPhase section */
		4CC2960427BD76E800B59CAB /* Resources */ = {
			isa = PBXResourcesBuildPhase;
			buildActionMask = 2147483647;
			files = (
				4C26F78227C3BADD0016EA83 /* DetalheViewController.xib in Resources */,
				4CC2961627BD76E900B59CAB /* LaunchScreen.storyboard in Resources */,
				4C663CC427BEC81400977617 /* server-response.json in Resources */,
				4CC2961E27BD7C4D00B59CAB /* HomeTableViewHeader.xib in Resources */,
				4CC2961327BD76E900B59CAB /* Assets.xcassets in Resources */,
				4CC2961127BD76E800B59CAB /* Main.storyboard in Resources */,
				4C663CC127BEB7C100977617 /* ViagemTableViewCell.xib in Resources */,
				4C99532627C00BA100C837F7 /* OfertaTableViewCell.xib in Resources */,
			);
			runOnlyForDeploymentPostprocessing = 0;
		};
/* End PBXResourcesBuildPhase section */

/* Begin PBXSourcesBuildPhase section */
		4CC2960227BD76E800B59CAB /* Sources */ = {
			isa = PBXSourcesBuildPhase;
			buildActionMask = 2147483647;
			files = (
				4CF64C4D27BED3E2000152AE /* Viagem.swift in Sources */,
				4CC2960E27BD76E800B59CAB /* ViewController.swift in Sources */,
				4C663CC027BEB7C100977617 /* ViagemTableViewCell.swift in Sources */,
				4CF64C5027BED40A000152AE /* UIView+Extension.swift in Sources */,
				4C99532827C00CC000C837F7 /* ViagemOfertaViewModel.swift in Sources */,
				4C99532527C00BA100C837F7 /* OfertaTableViewCell.swift in Sources */,
				4CF64C4B27BED3A0000152AE /* TiposDeViagens.swift in Sources */,
				4CC2962027BD8B9A00B59CAB /* HomeTableViewHeader.swift in Sources */,
				4CF64C4927BED39A000152AE /* DecodableData.swift in Sources */,
				4CC2960A27BD76E800B59CAB /* AppDelegate.swift in Sources */,
				4CC2960C27BD76E800B59CAB /* SceneDelegate.swift in Sources */,
				4CF64C5227BED478000152AE /* ViagemViewModel.swift in Sources */,
				4C26F78127C3BADD0016EA83 /* DetalheViewController.swift in Sources */,
				4CF64C5427BED5AA000152AE /* ViagemDestaqueViewModel.swift in Sources */,
			);
			runOnlyForDeploymentPostprocessing = 0;
		};
/* End PBXSourcesBuildPhase section */

/* Begin PBXVariantGroup section */
		4CC2960F27BD76E800B59CAB /* Main.storyboard */ = {
			isa = PBXVariantGroup;
			children = (
				4CC2961027BD76E800B59CAB /* Base */,
			);
			name = Main.storyboard;
			sourceTree = "<group>";
		};
		4CC2961427BD76E900B59CAB /* LaunchScreen.storyboard */ = {
			isa = PBXVariantGroup;
			children = (
				4CC2961527BD76E900B59CAB /* Base */,
			);
			name = LaunchScreen.storyboard;
			sourceTree = "<group>";
		};
/* End PBXVariantGroup section */

/* Begin XCBuildConfiguration section */
		4CC2961827BD76E900B59CAB /* Debug */ = {
			isa = XCBuildConfiguration;
			buildSettings = {
				ALWAYS_SEARCH_USER_PATHS = NO;
				CLANG_ANALYZER_NONNULL = YES;
				CLANG_ANALYZER_NUMBER_OBJECT_CONVERSION = YES_AGGRESSIVE;
				CLANG_CXX_LANGUAGE_STANDARD = "gnu++17";
				CLANG_CXX_LIBRARY = "libc++";
				CLANG_ENABLE_MODULES = YES;
				CLANG_ENABLE_OBJC_ARC = YES;
				CLANG_ENABLE_OBJC_WEAK = YES;
				CLANG_WARN_BLOCK_CAPTURE_AUTORELEASING = YES;
				CLANG_WARN_BOOL_CONVERSION = YES;
				CLANG_WARN_COMMA = YES;
				CLANG_WARN_CONSTANT_CONVERSION = YES;
				CLANG_WARN_DEPRECATED_OBJC_IMPLEMENTATIONS = YES;
				CLANG_WARN_DIRECT_OBJC_ISA_USAGE = YES_ERROR;
				CLANG_WARN_DOCUMENTATION_COMMENTS = YES;
				CLANG_WARN_EMPTY_BODY = YES;
				CLANG_WARN_ENUM_CONVERSION = YES;
				CLANG_WARN_INFINITE_RECURSION = YES;
				CLANG_WARN_INT_CONVERSION = YES;
				CLANG_WARN_NON_LITERAL_NULL_CONVERSION = YES;
				CLANG_WARN_OBJC_IMPLICIT_RETAIN_SELF = YES;
				CLANG_WARN_OBJC_LITERAL_CONVERSION = YES;
				CLANG_WARN_OBJC_ROOT_CLASS = YES_ERROR;
				CLANG_WARN_QUOTED_INCLUDE_IN_FRAMEWORK_HEADER = YES;
				CLANG_WARN_RANGE_LOOP_ANALYSIS = YES;
				CLANG_WARN_STRICT_PROTOTYPES = YES;
				CLANG_WARN_SUSPICIOUS_MOVE = YES;
				CLANG_WARN_UNGUARDED_AVAILABILITY = YES_AGGRESSIVE;
				CLANG_WARN_UNREACHABLE_CODE = YES;
				CLANG_WARN__DUPLICATE_METHOD_MATCH = YES;
				COPY_PHASE_STRIP = NO;
				DEBUG_INFORMATION_FORMAT = dwarf;
				ENABLE_STRICT_OBJC_MSGSEND = YES;
				ENABLE_TESTABILITY = YES;
				GCC_C_LANGUAGE_STANDARD = gnu11;
				GCC_DYNAMIC_NO_PIC = NO;
				GCC_NO_COMMON_BLOCKS = YES;
				GCC_OPTIMIZATION_LEVEL = 0;
				GCC_PREPROCESSOR_DEFINITIONS = (
					"DEBUG=1",
					"$(inherited)",
				);
				GCC_WARN_64_TO_32_BIT_CONVERSION = YES;
				GCC_WARN_ABOUT_RETURN_TYPE = YES_ERROR;
				GCC_WARN_UNDECLARED_SELECTOR = YES;
				GCC_WARN_UNINITIALIZED_AUTOS = YES_AGGRESSIVE;
				GCC_WARN_UNUSED_FUNCTION = YES;
				GCC_WARN_UNUSED_VARIABLE = YES;
				IPHONEOS_DEPLOYMENT_TARGET = 15.2;
				MTL_ENABLE_DEBUG_INFO = INCLUDE_SOURCE;
				MTL_FAST_MATH = YES;
				ONLY_ACTIVE_ARCH = YES;
				SDKROOT = iphoneos;
				SWIFT_ACTIVE_COMPILATION_CONDITIONS = DEBUG;
				SWIFT_OPTIMIZATION_LEVEL = "-Onone";
			};
			name = Debug;
		};
		4CC2961927BD76E900B59CAB /* Release */ = {
			isa = XCBuildConfiguration;
			buildSettings = {
				ALWAYS_SEARCH_USER_PATHS = NO;
				CLANG_ANALYZER_NONNULL = YES;
				CLANG_ANALYZER_NUMBER_OBJECT_CONVERSION = YES_AGGRESSIVE;
				CLANG_CXX_LANGUAGE_STANDARD = "gnu++17";
				CLANG_CXX_LIBRARY = "libc++";
				CLANG_ENABLE_MODULES = YES;
				CLANG_ENABLE_OBJC_ARC = YES;
				CLANG_ENABLE_OBJC_WEAK = YES;
				CLANG_WARN_BLOCK_CAPTURE_AUTORELEASING = YES;
				CLANG_WARN_BOOL_CONVERSION = YES;
				CLANG_WARN_COMMA = YES;
				CLANG_WARN_CONSTANT_CONVERSION = YES;
				CLANG_WARN_DEPRECATED_OBJC_IMPLEMENTATIONS = YES;
				CLANG_WARN_DIRECT_OBJC_ISA_USAGE = YES_ERROR;
				CLANG_WARN_DOCUMENTATION_COMMENTS = YES;
				CLANG_WARN_EMPTY_BODY = YES;
				CLANG_WARN_ENUM_CONVERSION = YES;
				CLANG_WARN_INFINITE_RECURSION = YES;
				CLANG_WARN_INT_CONVERSION = YES;
				CLANG_WARN_NON_LITERAL_NULL_CONVERSION = YES;
				CLANG_WARN_OBJC_IMPLICIT_RETAIN_SELF = YES;
				CLANG_WARN_OBJC_LITERAL_CONVERSION = YES;
				CLANG_WARN_OBJC_ROOT_CLASS = YES_ERROR;
				CLANG_WARN_QUOTED_INCLUDE_IN_FRAMEWORK_HEADER = YES;
				CLANG_WARN_RANGE_LOOP_ANALYSIS = YES;
				CLANG_WARN_STRICT_PROTOTYPES = YES;
				CLANG_WARN_SUSPICIOUS_MOVE = YES;
				CLANG_WARN_UNGUARDED_AVAILABILITY = YES_AGGRESSIVE;
				CLANG_WARN_UNREACHABLE_CODE = YES;
				CLANG_WARN__DUPLICATE_METHOD_MATCH = YES;
				COPY_PHASE_STRIP = NO;
				DEBUG_INFORMATION_FORMAT = "dwarf-with-dsym";
				ENABLE_NS_ASSERTIONS = NO;
				ENABLE_STRICT_OBJC_MSGSEND = YES;
				GCC_C_LANGUAGE_STANDARD = gnu11;
				GCC_NO_COMMON_BLOCKS = YES;
				GCC_WARN_64_TO_32_BIT_CONVERSION = YES;
				GCC_WARN_ABOUT_RETURN_TYPE = YES_ERROR;
				GCC_WARN_UNDECLARED_SELECTOR = YES;
				GCC_WARN_UNINITIALIZED_AUTOS = YES_AGGRESSIVE;
				GCC_WARN_UNUSED_FUNCTION = YES;
				GCC_WARN_UNUSED_VARIABLE = YES;
				IPHONEOS_DEPLOYMENT_TARGET = 15.2;
				MTL_ENABLE_DEBUG_INFO = NO;
				MTL_FAST_MATH = YES;
				SDKROOT = iphoneos;
				SWIFT_COMPILATION_MODE = wholemodule;
				SWIFT_OPTIMIZATION_LEVEL = "-O";
				VALIDATE_PRODUCT = YES;
			};
			name = Release;
		};
		4CC2961B27BD76E900B59CAB /* Debug */ = {
			isa = XCBuildConfiguration;
			buildSettings = {
				ASSETCATALOG_COMPILER_APPICON_NAME = AppIcon;
				ASSETCATALOG_COMPILER_GLOBAL_ACCENT_COLOR_NAME = AccentColor;
				CODE_SIGN_STYLE = Automatic;
				CURRENT_PROJECT_VERSION = 1;
				DEVELOPMENT_TEAM = 7NMU3M6S29;
				GENERATE_INFOPLIST_FILE = YES;
				INFOPLIST_FILE = AluraViagens/Info.plist;
				INFOPLIST_KEY_UIApplicationSupportsIndirectInputEvents = YES;
				INFOPLIST_KEY_UILaunchStoryboardName = LaunchScreen;
				INFOPLIST_KEY_UIMainStoryboardFile = Main;
				INFOPLIST_KEY_UISupportedInterfaceOrientations_iPad = "UIInterfaceOrientationPortrait UIInterfaceOrientationPortraitUpsideDown UIInterfaceOrientationLandscapeLeft UIInterfaceOrientationLandscapeRight";
				INFOPLIST_KEY_UISupportedInterfaceOrientations_iPhone = "UIInterfaceOrientationPortrait UIInterfaceOrientationLandscapeLeft UIInterfaceOrientationLandscapeRight";
				LD_RUNPATH_SEARCH_PATHS = (
					"$(inherited)",
					"@executable_path/Frameworks",
				);
				MARKETING_VERSION = 1.0;
				PRODUCT_BUNDLE_IDENTIFIER = br.com.maria.AluraViagens;
				PRODUCT_NAME = "$(TARGET_NAME)";
				SWIFT_EMIT_LOC_STRINGS = YES;
				SWIFT_VERSION = 5.0;
				TARGETED_DEVICE_FAMILY = "1,2";
			};
			name = Debug;
		};
		4CC2961C27BD76E900B59CAB /* Release */ = {
			isa = XCBuildConfiguration;
			buildSettings = {
				ASSETCATALOG_COMPILER_APPICON_NAME = AppIcon;
				ASSETCATALOG_COMPILER_GLOBAL_ACCENT_COLOR_NAME = AccentColor;
				CODE_SIGN_STYLE = Automatic;
				CURRENT_PROJECT_VERSION = 1;
				DEVELOPMENT_TEAM = 7NMU3M6S29;
				GENERATE_INFOPLIST_FILE = YES;
				INFOPLIST_FILE = AluraViagens/Info.plist;
				INFOPLIST_KEY_UIApplicationSupportsIndirectInputEvents = YES;
				INFOPLIST_KEY_UILaunchStoryboardName = LaunchScreen;
				INFOPLIST_KEY_UIMainStoryboardFile = Main;
				INFOPLIST_KEY_UISupportedInterfaceOrientations_iPad = "UIInterfaceOrientationPortrait UIInterfaceOrientationPortraitUpsideDown UIInterfaceOrientationLandscapeLeft UIInterfaceOrientationLandscapeRight";
				INFOPLIST_KEY_UISupportedInterfaceOrientations_iPhone = "UIInterfaceOrientationPortrait UIInterfaceOrientationLandscapeLeft UIInterfaceOrientationLandscapeRight";
				LD_RUNPATH_SEARCH_PATHS = (
					"$(inherited)",
					"@executable_path/Frameworks",
				);
				MARKETING_VERSION = 1.0;
				PRODUCT_BUNDLE_IDENTIFIER = br.com.maria.AluraViagens;
				PRODUCT_NAME = "$(TARGET_NAME)";
				SWIFT_EMIT_LOC_STRINGS = YES;
				SWIFT_VERSION = 5.0;
				TARGETED_DEVICE_FAMILY = "1,2";
			};
			name = Release;
		};
/* End XCBuildConfiguration section */

/* Begin XCConfigurationList section */
		4CC2960127BD76E800B59CAB /* Build configuration list for PBXProject "AluraViagens" */ = {
			isa = XCConfigurationList;
			buildConfigurations = (
				4CC2961827BD76E900B59CAB /* Debug */,
				4CC2961927BD76E900B59CAB /* Release */,
			);
			defaultConfigurationIsVisible = 0;
			defaultConfigurationName = Release;
		};
		4CC2961A27BD76E900B59CAB /* Build configuration list for PBXNativeTarget "AluraViagens" */ = {
			isa = XCConfigurationList;
			buildConfigurations = (
				4CC2961B27BD76E900B59CAB /* Debug */,
				4CC2961C27BD76E900B59CAB /* Release */,
			);
			defaultConfigurationIsVisible = 0;
			defaultConfigurationName = Release;
		};
/* End XCConfigurationList section */
	};
	rootObject = 4CC295FE27BD76E800B59CAB /* Project object */;
}
